
Microsoft Visual Studio Solution File, Format Version 12.00
# Visual Studio 15
VisualStudioVersion = 15.0.28307.489
MinimumVisualStudioVersion = 10.0.40219.1
Project("{FAE04EC0-301F-11D3-BF4B-00C04F79EFBC}") = "WpfFormsFlappy", "WpfFormsFlappy\WpfFormsFlappy.csproj", "{83DBCF7A-97BF-4F0A-98DC-C5D0C5E8BDEE}"
EndProject
Global
	GlobalSection(SolutionConfigurationPlatforms) = preSolution
		Debug|Any CPU = Debug|Any CPU
		Release|Any CPU = Release|Any CPU
	EndGlobalSection
	GlobalSection(ProjectConfigurationPlatforms) = postSolution
		{83DBCF7A-97BF-4F0A-98DC-C5D0C5E8BDEE}.Debug|Any CPU.ActiveCfg = Debug|Any CPU
		{83DBCF7A-97BF-4F0A-98DC-C5D0C5E8BDEE}.Debug|Any CPU.Build.0 = Debug|Any CPU
		{83DBCF7A-97BF-4F0A-98DC-C5D0C5E8BDEE}.Release|Any CPU.ActiveCfg = Release|Any CPU
		{83DBCF7A-97BF-4F0A-98DC-C5D0C5E8BDEE}.Release|Any CPU.Build.0 = Release|Any CPU
	EndGlobalSection
	GlobalSection(SolutionProperties) = preSolution
		HideSolutionNode = FALSE
	EndGlobalSection
	GlobalSection(ExtensibilityGlobals) = postSolution
		SolutionGuid = {989F0986-6F96-46F4-BEAB-F03A7E5007DA}
	EndGlobalSection
EndGlobal
